// !$*UTF8*$!
{
	archiveVersion = 1;
	classes = {
	};
	objectVersion = 77;
	objects = {

/* Begin PBXContainerItemProxy section */
		57EC2F0A304BA5E900E4FFA8 /* PBXContainerItemProxy */ = {
			isa = PBXContainerItemProxy;
			containerPortal = 57EC2EF4304BA5E800E4FFA8 /* Project object */;
			proxyType = 1;
			remoteGlobalIDString = 57EC2EFB304BA5E800E4FFA8;
			remoteInfo = codex_bar;
		};
		57EC2F14304BA5E900E4FFA8 /* PBXContainerItemProxy */ = {
			isa = PBXContainerItemProxy;
			containerPortal = 57EC2EF4304BA5E800E4FFA8 /* Project object */;
			proxyType = 1;
			remoteGlobalIDString = 57EC2EFB304BA5E800E4FFA8;
			remoteInfo = codex_bar;
		};
/* End PBXContainerItemProxy section */

/* Begin PBXFileReference section */
		57EC2EFC304BA5E800E4FFA8 /* codex_bar.app */ = {isa = PBXFileReference; explicitFileType = wrapper.application; includeInIndex = 0; path = codex_bar.app; sourceTree = BUILT_PRODUCTS_DIR; };
		57EC2F09304BA5E900E4FFA8 /* codex_barTests.xctest */ = {isa = PBXFileReference; explicitFileType = wrapper.cfbundle; includeInIndex = 0; path = codex_barTests.xctest; sourceTree = BUILT_PRODUCTS_DIR; };
		57EC2F13304BA5E900E4FFA8 /* codex_barUITests.xctest */ = {isa = PBXFileReference; explicitFileType = wrapper.cfbundle; includeInIndex = 0; path = codex_barUITests.xctest; sourceTree = BUILT_PRODUCTS_DIR; };
/* End PBXFileReference section */

/* Begin PBXFileSystemSynchronizedRootGroup section */
		57EC2EFE304BA5E800E4FFA8 /* codex_bar */ = {
			isa = PBXFileSystemSynchronizedRootGroup;
			path = codex_bar;
			sourceTree = "<group>";
		};
		57EC2F0C304BA5E900E4FFA8 /* codex_barTests */ = {
			isa = PBXFileSystemSynchronizedRootGroup;
			path = codex_barTests;
			sourceTree = "<group>";
		};
		57EC2F16304BA5E900E4FFA8 /* codex_barUITests */ = {
			isa = PBXFileSystemSynchronizedRootGroup;
			path = codex_barUITests;
			sourceTree = "<group>";
		};
/* End PBXFileSystemSynchronizedRootGroup section */

/* Begin PBXFrameworksBuildPhase section */
		57EC2EF9304BA5E800E4FFA8 /* Frameworks */ = {
			isa = PBXFrameworksBuildPhase;
			buildActionMask = 2147483647;
			files = (
			);
			runOnlyForDeploymentPostprocessing = 0;
		};
		57EC2F06304BA5E900E4FFA8 /* Frameworks */ = {
			isa = PBXFrameworksBuildPhase;
			buildActionMask = 2147483647;
			files = (
			);
			runOnlyForDeploymentPostprocessing = 0;
		};
		57EC2F10304BA5E900E4FFA8 /* Frameworks */ = {
			isa = PBXFrameworksBuildPhase;
			buildActionMask = 2147483647;
			files = (
			);
			runOnlyForDeploymentPostprocessing = 0;
		};
/* End PBXFrameworksBuildPhase section */

/* Begin PBXGroup section */
		57EC2EF3304BA5E800E4FFA8 = {
			isa = PBXGroup;
			children = (
				57EC2EFE304BA5E800E4FFA8 /* codex_bar */,
				57EC2F0C304BA5E900E4FFA8 /* codex_barTests */,
				57EC2F16304BA5E900E4FFA8 /* codex_barUITests */,
				57EC2EFD304BA5E800E4FFA8 /* Products */,
			);
			sourceTree = "<group>";
		};
		57EC2EFD304BA5E800E4FFA8 /* Products */ = {
			isa = PBXGroup;
			children = (
				57EC2EFC304BA5E800E4FFA8 /* codex_bar.app */,
				57EC2F09304BA5E900E4FFA8 /* codex_barTests.xctest */,
				57EC2F13304BA5E900E4FFA8 /* codex_barUITests.xctest */,
			);
			name = Products;
			sourceTree = "<group>";
		};
/* End PBXGroup section */

/* Begin PBXNativeTarget section */
		57EC2EFB304BA5E800E4FFA8 /* codex_bar */ = {
			isa = PBXNativeTarget;
			buildConfigurationList = 57EC2F1D304BA5E900E4FFA8 /* Build configuration list for PBXNativeTarget "codex_bar" */;
			buildPhases = (
				57EC2EF8304BA5E800E4FFA8 /* Sources */,
				57EC2EF9304BA5E800E4FFA8 /* Frameworks */,
				57EC2EFA304BA5E800E4FFA8 /* Resources */,
			);
			buildRules = (
			);
			dependencies = (
			);
			fileSystemSynchronizedGroups = (
				57EC2EFE304BA5E800E4FFA8 /* codex_bar */,
			);
			name = codex_bar;
			packageProductDependencies = (
			);
			productName = codex_bar;
			productReference = 57EC2EFC304BA5E800E4FFA8 /* codex_bar.app */;
			productType = "com.apple.product-type.application";
		};
		57EC2F08304BA5E900E4FFA8 /* codex_barTests */ = {
			isa = PBXNativeTarget;
			buildConfigurationList = 57EC2F20304BA5E900E4FFA8 /* Build configuration list for PBXNativeTarget "codex_barTests" */;
			buildPhases = (
				57EC2F05304BA5E900E4FFA8 /* Sources */,
				57EC2F06304BA5E900E4FFA8 /* Frameworks */,
				57EC2F07304BA5E900E4FFA8 /* Resources */,
			);
			buildRules = (
			);
			dependencies = (
				57EC2F0B304BA5E900E4FFA8 /* PBXTargetDependency */,
			);
			fileSystemSynchronizedGroups = (
				57EC2F0C304BA5E900E4FFA8 /* codex_barTests */,
			);
			name = codex_barTests;
			packageProductDependencies = (
			);
			productName = codex_barTests;
			productReference = 57EC2F09304BA5E900E4FFA8 /* codex_barTests.xctest */;
			productType = "com.apple.product-type.bundle.unit-test";
		};
		57EC2F12304BA5E900E4FFA8 /* codex_barUITests */ = {
			isa = PBXNativeTarget;
			buildConfigurationList = 57EC2F23304BA5E900E4FFA8 /* Build configuration list for PBXNativeTarget "codex_barUITests" */;
			buildPhases = (
				57EC2F0F304BA5E900E4FFA8 /* Sources */,
				57EC2F10304BA5E900E4FFA8 /* Frameworks */,
				57EC2F11304BA5E900E4FFA8 /* Resources */,
			);
			buildRules = (
			);
			dependencies = (
				57EC2F15304BA5E900E4FFA8 /* PBXTargetDependency */,
			);
			fileSystemSynchronizedGroups = (
				57EC2F16304BA5E900E4FFA8 /* codex_barUITests */,
			);
			name = codex_barUITests;
			packageProductDependencies = (
			);
			productName = codex_barUITests;
			productReference = 57EC2F13304BA5E900E4FFA8 /* codex_barUITests.xctest */;
			productType = "com.apple.product-type.bundle.ui-testing";
		};
/* End PBXNativeTarget section */

/* Begin PBXProject section */
		57EC2EF4304BA5E800E4FFA8 /* Project object */ = {
			isa = PBXProject;
			attributes = {
				BuildIndependentTargetsInParallel = 1;
				LastSwiftUpdateCheck = 2660;
				LastUpgradeCheck = 2660;
				TargetAttributes = {
					57EC2EFB304BA5E800E4FFA8 = {
						CreatedOnToolsVersion = 26.6;
					};
					57EC2F08304BA5E900E4FFA8 = {
						CreatedOnToolsVersion = 26.6;
						TestTargetID = 57EC2EFB304BA5E800E4FFA8;
					};
					57EC2F12304BA5E900E4FFA8 = {
						CreatedOnToolsVersion = 26.6;
						TestTargetID = 57EC2EFB304BA5E800E4FFA8;
					};
				};
			};
			buildConfigurationList = 57EC2EF7304BA5E800E4FFA8 /* Build configuration list for PBXProject "codex_bar" */;
			developmentRegion = en;
			hasScannedForEncodings = 0;
			knownRegions = (
				en,
				"zh-Hans",
				Base,
			);
			mainGroup = 57EC2EF3304BA5E800E4FFA8;
			minimizedProjectReferenceProxies = 1;
			preferredProjectObjectVersion = 77;
			productRefGroup = 57EC2EFD304BA5E800E4FFA8 /* Products */;
			projectDirPath = "";
			projectRoot = "";
			targets = (
				57EC2EFB304BA5E800E4FFA8 /* codex_bar */,
				57EC2F08304BA5E900E4FFA8 /* codex_barTests */,
				57EC2F12304BA5E900E4FFA8 /* codex_barUITests */,
			);
		};
/* End PBXProject section */

/* Begin PBXResourcesBuildPhase section */
		57EC2EFA304BA5E800E4FFA8 /* Resources */ = {
			isa = PBXResourcesBuildPhase;
			buildActionMask = 2147483647;
			files = (
			);
			runOnlyForDeploymentPostprocessing = 0;
		};
		57EC2F07304BA5E900E4FFA8 /* Resources */ = {
			isa = PBXResourcesBuildPhase;
			buildActionMask = 2147483647;
			files = (
			);
			runOnlyForDeploymentPostprocessing = 0;
		};
		57EC2F11304BA5E900E4FFA8 /* Resources */ = {
			isa = PBXResourcesBuildPhase;
			buildActionMask = 2147483647;
			files = (
			);
			runOnlyForDeploymentPostprocessing = 0;
		};
/* End PBXResourcesBuildPhase section */

/* Begin PBXSourcesBuildPhase section */
		57EC2EF8304BA5E800E4FFA8 /* Sources */ = {
			isa = PBXSourcesBuildPhase;
			buildActionMask = 2147483647;
			files = (
			);
			runOnlyForDeploymentPostprocessing = 0;
		};
		57EC2F05304BA5E900E4FFA8 /* Sources */ = {
			isa = PBXSourcesBuildPhase;
			buildActionMask = 2147483647;
			files = (
			);
			runOnlyForDeploymentPostprocessing = 0;
		};
		57EC2F0F304BA5E900E4FFA8 /* Sources */ = {
			isa = PBXSourcesBuildPhase;
			buildActionMask = 2147483647;
			files = (
			);
			runOnlyForDeploymentPostprocessing = 0;
		};
/* End PBXSourcesBuildPhase section */

/* Begin PBXTargetDependency section */
		57EC2F0B304BA5E900E4FFA8 /* PBXTargetDependency */ = {
			isa = PBXTargetDependency;
			target = 57EC2EFB304BA5E800E4FFA8 /* codex_bar */;
			targetProxy = 57EC2F0A304BA5E900E4FFA8 /* PBXContainerItemProxy */;
		};
		57EC2F15304BA5E900E4FFA8 /* PBXTargetDependency */ = {
			isa = PBXTargetDependency;
			target = 57EC2EFB304BA5E800E4FFA8 /* codex_bar */;
			targetProxy = 57EC2F14304BA5E900E4FFA8 /* PBXContainerItemProxy */;
		};
/* End PBXTargetDependency section */

/* Begin XCBuildConfiguration section */
		57EC2F1B304BA5E900E4FFA8 /* Debug */ = {
			isa = XCBuildConfiguration;
			buildSettings = {
				ALWAYS_SEARCH_USER_PATHS = NO;
				ASSETCATALOG_COMPILER_GENERATE_SWIFT_ASSET_SYMBOL_EXTENSIONS = YES;
				CLANG_ANALYZER_NONNULL = YES;
				CLANG_ANALYZER_NUMBER_OBJECT_CONVERSION = YES_AGGRESSIVE;
				CLANG_CXX_LANGUAGE_STANDARD = "gnu++20";
				CLANG_ENABLE_MODULES = YES;
				CLANG_ENABLE_OBJC_ARC = YES;
				CLANG_ENABLE_OBJC_WEAK = YES;
				CLANG_WARN_BLOCK_CAPTURE_AUTORELEASING = YES;
				CLANG_WARN_BOOL_CONVERSION = YES;
				CLANG_WARN_COMMA = YES;
				CLANG_WARN_CONSTANT_CONVERSION = YES;
				CLANG_WARN_DEPRECATED_OBJC_IMPLEMENTATIONS = YES;
				CLANG_WARN_DIRECT_OBJC_ISA_USAGE = YES_ERROR;
				CLANG_WARN_DOCUMENTATION_COMMENTS = YES;
				CLANG_WARN_EMPTY_BODY = YES;
				CLANG_WARN_ENUM_CONVERSION = YES;
				CLANG_WARN_INFINITE_RECURSION = YES;
				CLANG_WARN_INT_CONVERSION = YES;
				CLANG_WARN_NON_LITERAL_NULL_CONVERSION = YES;
				CLANG_WARN_OBJC_IMPLICIT_RETAIN_SELF = YES;
				CLANG_WARN_OBJC_LITERAL_CONVERSION = YES;
				CLANG_WARN_OBJC_ROOT_CLASS = YES_ERROR;
				CLANG_WARN_QUOTED_INCLUDE_IN_FRAMEWORK_HEADER = YES;
				CLANG_WARN_RANGE_LOOP_ANALYSIS = YES;
				CLANG_WARN_STRICT_PROTOTYPES = YES;
				CLANG_WARN_SUSPICIOUS_MOVE = YES;
				CLANG_WARN_UNGUARDED_AVAILABILITY = YES_AGGRESSIVE;
				CLANG_WARN_UNREACHABLE_CODE = YES;
				CLANG_WARN__DUPLICATE_METHOD_MATCH = YES;
				COPY_PHASE_STRIP = NO;
				DEBUG_INFORMATION_FORMAT = dwarf;
				DEVELOPMENT_TEAM = 64XC9BXK5K;
				ENABLE_STRICT_OBJC_MSGSEND = YES;
				ENABLE_TESTABILITY = YES;
				ENABLE_USER_SCRIPT_SANDBOXING = YES;
				GCC_C_LANGUAGE_STANDARD = gnu17;
				GCC_DYNAMIC_NO_PIC = NO;
				GCC_NO_COMMON_BLOCKS = YES;
				GCC_OPTIMIZATION_LEVEL = 0;
				GCC_PREPROCESSOR_DEFINITIONS = (
					"DEBUG=1",
					"$(inherited)",
				);
				GCC_WARN_64_TO_32_BIT_CONVERSION = YES;
				GCC_WARN_ABOUT_RETURN_TYPE = YES_ERROR;
				GCC_WARN_UNDECLARED_SELECTOR = YES;
				GCC_WARN_UNINITIALIZED_AUTOS = YES_AGGRESSIVE;
				GCC_WARN_UNUSED_FUNCTION = YES;
				GCC_WARN_UNUSED_VARIABLE = YES;
				LOCALIZATION_PREFERS_STRING_CATALOGS = YES;
				MACOSX_DEPLOYMENT_TARGET = 13.0;
				MTL_ENABLE_DEBUG_INFO = INCLUDE_SOURCE;
				MTL_FAST_MATH = YES;
				ONLY_ACTIVE_ARCH = YES;
				SDKROOT = macosx;
				SWIFT_ACTIVE_COMPILATION_CONDITIONS = "DEBUG $(inherited)";
				SWIFT_OPTIMIZATION_LEVEL = "-Onone";
			};
			name = Debug;
		};
		57EC2F1C304BA5E900E4FFA8 /* Release */ = {
			isa = XCBuildConfiguration;
			buildSettings = {
				ALWAYS_SEARCH_USER_PATHS = NO;
				ASSETCATALOG_COMPILER_GENERATE_SWIFT_ASSET_SYMBOL_EXTENSIONS = YES;
				CLANG_ANALYZER_NONNULL = YES;
				CLANG_ANALYZER_NUMBER_OBJECT_CONVERSION = YES_AGGRESSIVE;
				CLANG_CXX_LANGUAGE_STANDARD = "gnu++20";
				CLANG_ENABLE_MODULES = YES;
				CLANG_ENABLE_OBJC_ARC = YES;
				CLANG_ENABLE_OBJC_WEAK = YES;
				CLANG_WARN_BLOCK_CAPTURE_AUTORELEASING = YES;
				CLANG_WARN_BOOL_CONVERSION = YES;
				CLANG_WARN_COMMA = YES;
				CLANG_WARN_CONSTANT_CONVERSION = YES;
				CLANG_WARN_DEPRECATED_OBJC_IMPLEMENTATIONS = YES;
				CLANG_WARN_DIRECT_OBJC_ISA_USAGE = YES_ERROR;
				CLANG_WARN_DOCUMENTATION_COMMENTS = YES;
				CLANG_WARN_EMPTY_BODY = YES;
				CLANG_WARN_ENUM_CONVERSION = YES;
				CLANG_WARN_INFINITE_RECURSION = YES;
				CLANG_WARN_INT_CONVERSION = YES;
				CLANG_WARN_NON_LITERAL_NULL_CONVERSION = YES;
				CLANG_WARN_OBJC_IMPLICIT_RETAIN_SELF = YES;
				CLANG_WARN_OBJC_LITERAL_CONVERSION = YES;
				CLANG_WARN_OBJC_ROOT_CLASS = YES_ERROR;
				CLANG_WARN_QUOTED_INCLUDE_IN_FRAMEWORK_HEADER = YES;
				CLANG_WARN_RANGE_LOOP_ANALYSIS = YES;
				CLANG_WARN_STRICT_PROTOTYPES = YES;
				CLANG_WARN_SUSPICIOUS_MOVE = YES;
				CLANG_WARN_UNGUARDED_AVAILABILITY = YES_AGGRESSIVE;
				CLANG_WARN_UNREACHABLE_CODE = YES;
				CLANG_WARN__DUPLICATE_METHOD_MATCH = YES;
				COPY_PHASE_STRIP = NO;
				DEBUG_INFORMATION_FORMAT = "dwarf-with-dsym";
				DEVELOPMENT_TEAM = 64XC9BXK5K;
				ENABLE_NS_ASSERTIONS = NO;
				ENABLE_STRICT_OBJC_MSGSEND = YES;
				ENABLE_USER_SCRIPT_SANDBOXING = YES;
				GCC_C_LANGUAGE_STANDARD = gnu17;
				GCC_NO_COMMON_BLOCKS = YES;
				GCC_WARN_64_TO_32_BIT_CONVERSION = YES;
				GCC_WARN_ABOUT_RETURN_TYPE = YES_ERROR;
				GCC_WARN_UNDECLARED_SELECTOR = YES;
				GCC_WARN_UNINITIALIZED_AUTOS = YES_AGGRESSIVE;
				GCC_WARN_UNUSED_FUNCTION = YES;
				GCC_WARN_UNUSED_VARIABLE = YES;
				LOCALIZATION_PREFERS_STRING_CATALOGS = YES;
				MACOSX_DEPLOYMENT_TARGET = 13.0;
				MTL_ENABLE_DEBUG_INFO = NO;
				MTL_FAST_MATH = YES;
				SDKROOT = macosx;
				SWIFT_COMPILATION_MODE = wholemodule;
			};
			name = Release;
		};
		57EC2F1E304BA5E900E4FFA8 /* Debug */ = {
			isa = XCBuildConfiguration;
			buildSettings = {
				ASSETCATALOG_COMPILER_APPICON_NAME = AppIcon;
				ASSETCATALOG_COMPILER_GLOBAL_ACCENT_COLOR_NAME = AccentColor;
				CODE_SIGN_STYLE = Automatic;
				COMBINE_HIDPI_IMAGES = YES;
				CURRENT_PROJECT_VERSION = 2;
				DEVELOPMENT_TEAM = 64XC9BXK5K;
				ENABLE_APP_SANDBOX = NO;
				ENABLE_HARDENED_RUNTIME = YES;
				ENABLE_PREVIEWS = YES;
				ENABLE_USER_SELECTED_FILES = readonly;
				GENERATE_INFOPLIST_FILE = YES;
				INFOPLIST_KEY_LSUIElement = YES;
				INFOPLIST_KEY_NSHumanReadableCopyright = "";
				LD_RUNPATH_SEARCH_PATHS = (
					"$(inherited)",
					"@executable_path/../Frameworks",
				);
				MARKETING_VERSION = 0.0.2;
				PRODUCT_BUNDLE_IDENTIFIER = "cn.test.wang.codex-bar";
				PRODUCT_NAME = "$(TARGET_NAME)";
				REGISTER_APP_GROUPS = YES;
				STRING_CATALOG_GENERATE_SYMBOLS = YES;
				SWIFT_APPROACHABLE_CONCURRENCY = YES;
				SWIFT_DEFAULT_ACTOR_ISOLATION = MainActor;
				SWIFT_EMIT_LOC_STRINGS = YES;
				SWIFT_UPCOMING_FEATURE_MEMBER_IMPORT_VISIBILITY = YES;
				SWIFT_VERSION = 5.0;
			};
			name = Debug;
		};
		57EC2F1F304BA5E900E4FFA8 /* Release */ = {
			isa = XCBuildConfiguration;
			buildSettings = {
				ASSETCATALOG_COMPILER_APPICON_NAME = AppIcon;
				ASSETCATALOG_COMPILER_GLOBAL_ACCENT_COLOR_NAME = AccentColor;
				CODE_SIGN_STYLE = Automatic;
				COMBINE_HIDPI_IMAGES = YES;
				CURRENT_PROJECT_VERSION = 2;
				DEVELOPMENT_TEAM = 64XC9BXK5K;
				ENABLE_APP_SANDBOX = NO;
				ENABLE_HARDENED_RUNTIME = YES;
				ENABLE_PREVIEWS = YES;
				ENABLE_USER_SELECTED_FILES = readonly;
				GENERATE_INFOPLIST_FILE = YES;
				INFOPLIST_KEY_LSUIElement = YES;
				INFOPLIST_KEY_NSHumanReadableCopyright = "";
				LD_RUNPATH_SEARCH_PATHS = (
					"$(inherited)",
					"@executable_path/../Frameworks",
				);
				MARKETING_VERSION = 0.0.2;
				PRODUCT_BUNDLE_IDENTIFIER = "cn.test.wang.codex-bar";
				PRODUCT_NAME = "$(TARGET_NAME)";
				REGISTER_APP_GROUPS = YES;
				STRING_CATALOG_GENERATE_SYMBOLS = YES;
				SWIFT_APPROACHABLE_CONCURRENCY = YES;
				SWIFT_DEFAULT_ACTOR_ISOLATION = MainActor;
				SWIFT_EMIT_LOC_STRINGS = YES;
				SWIFT_UPCOMING_FEATURE_MEMBER_IMPORT_VISIBILITY = YES;
				SWIFT_VERSION = 5.0;
			};
			name = Release;
		};
		57EC2F21304BA5E900E4FFA8 /* Debug */ = {
			isa = XCBuildConfiguration;
			buildSettings = {
				BUNDLE_LOADER = "$(TEST_HOST)";
				CODE_SIGN_STYLE = Automatic;
				CURRENT_PROJECT_VERSION = 2;
				DEVELOPMENT_TEAM = 64XC9BXK5K;
				GENERATE_INFOPLIST_FILE = YES;
				MACOSX_DEPLOYMENT_TARGET = 13.0;
				MARKETING_VERSION = 0.0.2;
				PRODUCT_BUNDLE_IDENTIFIER = "cn.test.wang.codex-barTests";
				PRODUCT_NAME = "$(TARGET_NAME)";
				STRING_CATALOG_GENERATE_SYMBOLS = NO;
				SWIFT_APPROACHABLE_CONCURRENCY = YES;
				SWIFT_EMIT_LOC_STRINGS = NO;
				SWIFT_UPCOMING_FEATURE_MEMBER_IMPORT_VISIBILITY = YES;
				SWIFT_VERSION = 5.0;
				TEST_HOST = "$(BUILT_PRODUCTS_DIR)/codex_bar.app/$(BUNDLE_EXECUTABLE_FOLDER_PATH)/codex_bar";
			};
			name = Debug;
		};
		57EC2F22304BA5E900E4FFA8 /* Release */ = {
			isa = XCBuildConfiguration;
			buildSettings = {
				BUNDLE_LOADER = "$(TEST_HOST)";
				CODE_SIGN_STYLE = Automatic;
				CURRENT_PROJECT_VERSION = 2;
				DEVELOPMENT_TEAM = 64XC9BXK5K;
				GENERATE_INFOPLIST_FILE = YES;
				MACOSX_DEPLOYMENT_TARGET = 13.0;
				MARKETING_VERSION = 0.0.2;
				PRODUCT_BUNDLE_IDENTIFIER = "cn.test.wang.codex-barTests";
				PRODUCT_NAME = "$(TARGET_NAME)";
				STRING_CATALOG_GENERATE_SYMBOLS = NO;
				SWIFT_APPROACHABLE_CONCURRENCY = YES;
				SWIFT_EMIT_LOC_STRINGS = NO;
				SWIFT_UPCOMING_FEATURE_MEMBER_IMPORT_VISIBILITY = YES;
				SWIFT_VERSION = 5.0;
				TEST_HOST = "$(BUILT_PRODUCTS_DIR)/codex_bar.app/$(BUNDLE_EXECUTABLE_FOLDER_PATH)/codex_bar";
			};
			name = Release;
		};
		57EC2F24304BA5E900E4FFA8 /* Debug */ = {
			isa = XCBuildConfiguration;
			buildSettings = {
				CODE_SIGN_STYLE = Automatic;
				CURRENT_PROJECT_VERSION = 2;
				DEVELOPMENT_TEAM = 64XC9BXK5K;
				GENERATE_INFOPLIST_FILE = YES;
				MARKETING_VERSION = 0.0.2;
				PRODUCT_BUNDLE_IDENTIFIER = "cn.test.wang.codex-barUITests";
				PRODUCT_NAME = "$(TARGET_NAME)";
				STRING_CATALOG_GENERATE_SYMBOLS = NO;
				SWIFT_APPROACHABLE_CONCURRENCY = YES;
				SWIFT_EMIT_LOC_STRINGS = NO;
				SWIFT_UPCOMING_FEATURE_MEMBER_IMPORT_VISIBILITY = YES;
				SWIFT_VERSION = 5.0;
				TEST_TARGET_NAME = codex_bar;
			};
			name = Debug;
		};
		57EC2F25304BA5E900E4FFA8 /* Release */ = {
			isa = XCBuildConfiguration;
			buildSettings = {
				CODE_SIGN_STYLE = Automatic;
				CURRENT_PROJECT_VERSION = 2;
				DEVELOPMENT_TEAM = 64XC9BXK5K;
				GENERATE_INFOPLIST_FILE = YES;
				MARKETING_VERSION = 0.0.2;
				PRODUCT_BUNDLE_IDENTIFIER = "cn.test.wang.codex-barUITests";
				PRODUCT_NAME = "$(TARGET_NAME)";
				STRING_CATALOG_GENERATE_SYMBOLS = NO;
				SWIFT_APPROACHABLE_CONCURRENCY = YES;
				SWIFT_EMIT_LOC_STRINGS = NO;
				SWIFT_UPCOMING_FEATURE_MEMBER_IMPORT_VISIBILITY = YES;
				SWIFT_VERSION = 5.0;
				TEST_TARGET_NAME = codex_bar;
			};
			name = Release;
		};
/* End XCBuildConfiguration section */

/* Begin XCConfigurationList section */
		57EC2EF7304BA5E800E4FFA8 /* Build configuration list for PBXProject "codex_bar" */ = {
			isa = XCConfigurationList;
			buildConfigurations = (
				57EC2F1B304BA5E900E4FFA8 /* Debug */,
				57EC2F1C304BA5E900E4FFA8 /* Release */,
			);
			defaultConfigurationIsVisible = 0;
			defaultConfigurationName = Release;
		};
		57EC2F1D304BA5E900E4FFA8 /* Build configuration list for PBXNativeTarget "codex_bar" */ = {
			isa = XCConfigurationList;
			buildConfigurations = (
				57EC2F1E304BA5E900E4FFA8 /* Debug */,
				57EC2F1F304BA5E900E4FFA8 /* Release */,
			);
			defaultConfigurationIsVisible = 0;
			defaultConfigurationName = Release;
		};
		57EC2F20304BA5E900E4FFA8 /* Build configuration list for PBXNativeTarget "codex_barTests" */ = {
			isa = XCConfigurationList;
			buildConfigurations = (
				57EC2F21304BA5E900E4FFA8 /* Debug */,
				57EC2F22304BA5E900E4FFA8 /* Release */,
			);
			defaultConfigurationIsVisible = 0;
			defaultConfigurationName = Release;
		};
		57EC2F23304BA5E900E4FFA8 /* Build configuration list for PBXNativeTarget "codex_barUITests" */ = {
			isa = XCConfigurationList;
			buildConfigurations = (
				57EC2F24304BA5E900E4FFA8 /* Debug */,
				57EC2F25304BA5E900E4FFA8 /* Release */,
			);
			defaultConfigurationIsVisible = 0;
			defaultConfigurationName = Release;
		};
/* End XCConfigurationList section */
	};
	rootObject = 57EC2EF4304BA5E800E4FFA8 /* Project object */;
}
